
Microsoft Visual Studio Solution File, Format Version 12.00
# Visual Studio 15
VisualStudioVersion = 15.0.28307.271
MinimumVisualStudioVersion = 10.0.40219.1
Project("{FAE04EC0-301F-11D3-BF4B-00C04F79EFBC}") = "WIFI Config App", "WIFI Config App\WIFI Config App.csproj", "{3A637B9E-6292-4A66-8AEF-71359F140693}"
EndProject
Project("{2150E333-8FDC-42A3-9474-1A3956D46DE8}") = "Solution Items", "Solution Items", "{50A45873-BCF2-4982-9AC1-4EEB1CEC32C0}"
EndProject
Project("{FAE04EC0-301F-11D3-BF4B-00C04F79EFBC}") = "CommanderParameters", "CommanderParameters\CommanderParameters.csproj", "{36E36585-8605-44CB-8221-A830C1F30435}"
EndProject
Global
	GlobalSection(SolutionConfigurationPlatforms) = preSolution
		Debug|Any CPU = Debug|Any CPU
		Release|Any CPU = Release|Any CPU
	EndGlobalSection
	GlobalSection(ProjectConfigurationPlatforms) = postSolution
		{3A637B9E-6292-4A66-8AEF-71359F140693}.Debug|Any CPU.ActiveCfg = Debug|Any CPU
		{3A637B9E-6292-4A66-8AEF-71359F140693}.Debug|Any CPU.Build.0 = Debug|Any CPU
		{3A637B9E-6292-4A66-8AEF-71359F140693}.Release|Any CPU.ActiveCfg = Release|Any CPU
		{3A637B9E-6292-4A66-8AEF-71359F140693}.Release|Any CPU.Build.0 = Release|Any CPU
		{36E36585-8605-44CB-8221-A830C1F30435}.Debug|Any CPU.ActiveCfg = Debug|Any CPU
		{36E36585-8605-44CB-8221-A830C1F30435}.Debug|Any CPU.Build.0 = Debug|Any CPU
		{36E36585-8605-44CB-8221-A830C1F30435}.Release|Any CPU.ActiveCfg = Release|Any CPU
		{36E36585-8605-44CB-8221-A830C1F30435}.Release|Any CPU.Build.0 = Release|Any CPU
	EndGlobalSection
	GlobalSection(SolutionProperties) = preSolution
		HideSolutionNode = FALSE
	EndGlobalSection
	GlobalSection(ExtensibilityGlobals) = postSolution
		SolutionGuid = {E93FBCCD-3019-4AE2-9183-B90741C42C59}
	EndGlobalSection
EndGlobal
